
Microsoft Visual Studio Solution File, Format Version 12.00
# Visual Studio Version 16
VisualStudioVersion = 16.0.31729.503
MinimumVisualStudioVersion = 10.0.40219.1
Project("{FAE04EC0-301F-11D3-BF4B-00C04F79EFBC}") = "Калькулятор", "Калькулятор.csproj", "{71F3B159-5D5C-420A-93EC-A2F01B993F18}"
EndProject
Project("{2150E333-8FDC-42A3-9474-1A3956D46DE8}") = "Solution Items", "Solution Items", "{5AC54907-2CD4-4714-91CD-D5A1BF17C8D7}"
	ProjectSection(SolutionItems) = preProject
		pic\calc.ico = pic\calc.ico
	EndProjectSection
EndProject
Global
	GlobalSection(SolutionConfigurationPlatforms) = preSolution
		Debug|Any CPU = Debug|Any CPU
		Release|Any CPU = Release|Any CPU
	EndGlobalSection
	GlobalSection(ProjectConfigurationPlatforms) = postSolution
		{71F3B159-5D5C-420A-93EC-A2F01B993F18}.Debug|Any CPU.ActiveCfg = Debug|Any CPU
		{71F3B159-5D5C-420A-93EC-A2F01B993F18}.Debug|Any CPU.Build.0 = Debug|Any CPU
		{71F3B159-5D5C-420A-93EC-A2F01B993F18}.Release|Any CPU.ActiveCfg = Release|Any CPU
		{71F3B159-5D5C-420A-93EC-A2F01B993F18}.Release|Any CPU.Build.0 = Release|Any CPU
	EndGlobalSection
	GlobalSection(SolutionProperties) = preSolution
		HideSolutionNode = FALSE
	EndGlobalSection
	GlobalSection(ExtensibilityGlobals) = postSolution
		SolutionGuid = {B16FD896-9657-46C3-B169-3179788483E3}
	EndGlobalSection
EndGlobal
